
Microsoft Visual Studio Solution File, Format Version 12.00
# Visual Studio Version 16
VisualStudioVersion = 16.0.30128.74
MinimumVisualStudioVersion = 10.0.40219.1
Project("{FAE04EC0-301F-11D3-BF4B-00C04F79EFBC}") = "bunifu", "bunifu\bunifu.csproj", "{AF03EDB5-947F-4990-B27F-E430FE5AA073}"
EndProject
Project("{FAE04EC0-301F-11D3-BF4B-00C04F79EFBC}") = "Server", "Server\Server.csproj", "{3910CB86-6C8C-42CA-9780-BBE4F547A54C}"
EndProject
Global
	GlobalSection(SolutionConfigurationPlatforms) = preSolution
		Debug|Any CPU = Debug|Any CPU
		Release|Any CPU = Release|Any CPU
	EndGlobalSection
	GlobalSection(ProjectConfigurationPlatforms) = postSolution
		{AF03EDB5-947F-4990-B27F-E430FE5AA073}.Debug|Any CPU.ActiveCfg = Debug|Any CPU
		{AF03EDB5-947F-4990-B27F-E430FE5AA073}.Debug|Any CPU.Build.0 = Debug|Any CPU
		{AF03EDB5-947F-4990-B27F-E430FE5AA073}.Release|Any CPU.ActiveCfg = Release|Any CPU
		{AF03EDB5-947F-4990-B27F-E430FE5AA073}.Release|Any CPU.Build.0 = Release|Any CPU
		{3910CB86-6C8C-42CA-9780-BBE4F547A54C}.Debug|Any CPU.ActiveCfg = Debug|Any CPU
		{3910CB86-6C8C-42CA-9780-BBE4F547A54C}.Debug|Any CPU.Build.0 = Debug|Any CPU
		{3910CB86-6C8C-42CA-9780-BBE4F547A54C}.Release|Any CPU.ActiveCfg = Release|Any CPU
		{3910CB86-6C8C-42CA-9780-BBE4F547A54C}.Release|Any CPU.Build.0 = Release|Any CPU
	EndGlobalSection
	GlobalSection(SolutionProperties) = preSolution
		HideSolutionNode = FALSE
	EndGlobalSection
	GlobalSection(ExtensibilityGlobals) = postSolution
		SolutionGuid = {6F78F89D-B9DF-4028-8C2B-1711E72BDDAD}
	EndGlobalSection
EndGlobal
